// !$*UTF8*$!
{
	archiveVersion = 1;
	classes = {
	};
	objectVersion = 48;
	objects = {

/* Begin PBXBuildFile section */
		2F0901E0207A91CE0031462C /* ConversionViewController.swift in Sources */ = {isa = PBXBuildFile; fileRef = 2F0901DF207A91CE0031462C /* ConversionViewController.swift */; };
		2F7EF765201A9A8D00D0C861 /* AppDelegate.swift in Sources */ = {isa = PBXBuildFile; fileRef = 2F7EF764201A9A8D00D0C861 /* AppDelegate.swift */; };
		2F7EF76A201A9A8D00D0C861 /* Main.storyboard in Resources */ = {isa = PBXBuildFile; fileRef = 2F7EF768201A9A8D00D0C861 /* Main.storyboard */; };
		2F7EF76C201A9A8D00D0C861 /* Assets.xcassets in Resources */ = {isa = PBXBuildFile; fileRef = 2F7EF76B201A9A8D00D0C861 /* Assets.xcassets */; };
		2F7EF76F201A9A8D00D0C861 /* LaunchScreen.storyboard in Resources */ = {isa = PBXBuildFile; fileRef = 2F7EF76D201A9A8D00D0C861 /* LaunchScreen.storyboard */; };
		2F7EF77A201A9A8E00D0C861 /* WorldTrotterTests.swift in Sources */ = {isa = PBXBuildFile; fileRef = 2F7EF779201A9A8E00D0C861 /* WorldTrotterTests.swift */; };
		2F7EF785201A9A8E00D0C861 /* WorldTrotterUITests.swift in Sources */ = {isa = PBXBuildFile; fileRef = 2F7EF784201A9A8E00D0C861 /* WorldTrotterUITests.swift */; };
/* End PBXBuildFile section */

/* Begin PBXContainerItemProxy section */
		2F7EF776201A9A8E00D0C861 /* PBXContainerItemProxy */ = {
			isa = PBXContainerItemProxy;
			containerPortal = 2F7EF759201A9A8D00D0C861 /* Project object */;
			proxyType = 1;
			remoteGlobalIDString = 2F7EF760201A9A8D00D0C861;
			remoteInfo = WorldTrotter;
		};
		2F7EF781201A9A8E00D0C861 /* PBXContainerItemProxy */ = {
			isa = PBXContainerItemProxy;
			containerPortal = 2F7EF759201A9A8D00D0C861 /* Project object */;
			proxyType = 1;
			remoteGlobalIDString = 2F7EF760201A9A8D00D0C861;
			remoteInfo = WorldTrotter;
		};
/* End PBXContainerItemProxy section */

/* Begin PBXFileReference section */
		2F0901DF207A91CE0031462C /* ConversionViewController.swift */ = {isa = PBXFileReference; lastKnownFileType = sourcecode.swift; name = ConversionViewController.swift; path = WorldTrotter/ConversionViewController.swift; sourceTree = "<group>"; };
		2F7EF761201A9A8D00D0C861 /* WorldTrotter.app */ = {isa = PBXFileReference; explicitFileType = wrapper.application; includeInIndex = 0; path = WorldTrotter.app; sourceTree = BUILT_PRODUCTS_DIR; };
		2F7EF764201A9A8D00D0C861 /* AppDelegate.swift */ = {isa = PBXFileReference; lastKnownFileType = sourcecode.swift; path = AppDelegate.swift; sourceTree = "<group>"; };
		2F7EF769201A9A8D00D0C861 /* Base */ = {isa = PBXFileReference; lastKnownFileType = file.storyboard; name = Base; path = Base.lproj/Main.storyboard; sourceTree = "<group>"; };
		2F7EF76B201A9A8D00D0C861 /* Assets.xcassets */ = {isa = PBXFileReference; lastKnownFileType = folder.assetcatalog; path = Assets.xcassets; sourceTree = "<group>"; };
		2F7EF76E201A9A8D00D0C861 /* Base */ = {isa = PBXFileReference; lastKnownFileType = file.storyboard; name = Base; path = Base.lproj/LaunchScreen.storyboard; sourceTree = "<group>"; };
		2F7EF770201A9A8D00D0C861 /* Info.plist */ = {isa = PBXFileReference; lastKnownFileType = text.plist.xml; path = Info.plist; sourceTree = "<group>"; };
		2F7EF775201A9A8E00D0C861 /* WorldTrotterTests.xctest */ = {isa = PBXFileReference; explicitFileType = wrapper.cfbundle; includeInIndex = 0; path = WorldTrotterTests.xctest; sourceTree = BUILT_PRODUCTS_DIR; };
		2F7EF779201A9A8E00D0C861 /* WorldTrotterTests.swift */ = {isa = PBXFileReference; lastKnownFileType = sourcecode.swift; path = WorldTrotterTests.swift; sourceTree = "<group>"; };
		2F7EF77B201A9A8E00D0C861 /* Info.plist */ = {isa = PBXFileReference; lastKnownFileType = text.plist.xml; path = Info.plist; sourceTree = "<group>"; };
		2F7EF780201A9A8E00D0C861 /* WorldTrotterUITests.xctest */ = {isa = PBXFileReference; explicitFileType = wrapper.cfbundle; includeInIndex = 0; path = WorldTrotterUITests.xctest; sourceTree = BUILT_PRODUCTS_DIR; };
		2F7EF784201A9A8E00D0C861 /* WorldTrotterUITests.swift */ = {isa = PBXFileReference; lastKnownFileType = sourcecode.swift; path = WorldTrotterUITests.swift; sourceTree = "<group>"; };
		2F7EF786201A9A8E00D0C861 /* Info.plist */ = {isa = PBXFileReference; lastKnownFileType = text.plist.xml; path = Info.plist; sourceTree = "<group>"; };
/* End PBXFileReference section */

/* Begin PBXFrameworksBuildPhase section */
		2F7EF75E201A9A8D00D0C861 /* Frameworks */ = {
			isa = PBXFrameworksBuildPhase;
			buildActionMask = 2147483647;
			files = (
			);
			runOnlyForDeploymentPostprocessing = 0;
		};
		2F7EF772201A9A8E00D0C861 /* Frameworks */ = {
			isa = PBXFrameworksBuildPhase;
			buildActionMask = 2147483647;
			files = (
			);
			runOnlyForDeploymentPostprocessing = 0;
		};
		2F7EF77D201A9A8E00D0C861 /* Frameworks */ = {
			isa = PBXFrameworksBuildPhase;
			buildActionMask = 2147483647;
			files = (
			);
			runOnlyForDeploymentPostprocessing = 0;
		};
/* End PBXFrameworksBuildPhase section */

/* Begin PBXGroup section */
		2F7EF758201A9A8D00D0C861 = {
			isa = PBXGroup;
			children = (
				2F0901DF207A91CE0031462C /* ConversionViewController.swift */,
				2F7EF763201A9A8D00D0C861 /* WorldTrotter */,
				2F7EF778201A9A8E00D0C861 /* WorldTrotterTests */,
				2F7EF783201A9A8E00D0C861 /* WorldTrotterUITests */,
				2F7EF762201A9A8D00D0C861 /* Products */,
			);
			sourceTree = "<group>";
		};
		2F7EF762201A9A8D00D0C861 /* Products */ = {
			isa = PBXGroup;
			children = (
				2F7EF761201A9A8D00D0C861 /* WorldTrotter.app */,
				2F7EF775201A9A8E00D0C861 /* WorldTrotterTests.xctest */,
				2F7EF780201A9A8E00D0C861 /* WorldTrotterUITests.xctest */,
			);
			name = Products;
			sourceTree = "<group>";
		};
		2F7EF763201A9A8D00D0C861 /* WorldTrotter */ = {
			isa = PBXGroup;
			children = (
				2F7EF764201A9A8D00D0C861 /* AppDelegate.swift */,
				2F7EF768201A9A8D00D0C861 /* Main.storyboard */,
				2F7EF76B201A9A8D00D0C861 /* Assets.xcassets */,
				2F7EF76D201A9A8D00D0C861 /* LaunchScreen.storyboard */,
				2F7EF770201A9A8D00D0C861 /* Info.plist */,
			);
			path = WorldTrotter;
			sourceTree = "<group>";
		};
		2F7EF778201A9A8E00D0C861 /* WorldTrotterTests */ = {
			isa = PBXGroup;
			children = (
				2F7EF779201A9A8E00D0C861 /* WorldTrotterTests.swift */,
				2F7EF77B201A9A8E00D0C861 /* Info.plist */,
			);
			path = WorldTrotterTests;
			sourceTree = "<group>";
		};
		2F7EF783201A9A8E00D0C861 /* WorldTrotterUITests */ = {
			isa = PBXGroup;
			children = (
				2F7EF784201A9A8E00D0C861 /* WorldTrotterUITests.swift */,
				2F7EF786201A9A8E00D0C861 /* Info.plist */,
			);
			path = WorldTrotterUITests;
			sourceTree = "<group>";
		};
/* End PBXGroup section */

/* Begin PBXNativeTarget section */
		2F7EF760201A9A8D00D0C861 /* WorldTrotter */ = {
			isa = PBXNativeTarget;
			buildConfigurationList = 2F7EF789201A9A8E00D0C861 /* Build configuration list for PBXNativeTarget "WorldTrotter" */;
			buildPhases = (
				2F7EF75D201A9A8D00D0C861 /* Sources */,
				2F7EF75E201A9A8D00D0C861 /* Frameworks */,
				2F7EF75F201A9A8D00D0C861 /* Resources */,
			);
			buildRules = (
			);
			dependencies = (
			);
			name = WorldTrotter;
			productName = WorldTrotter;
			productReference = 2F7EF761201A9A8D00D0C861 /* WorldTrotter.app */;
			productType = "com.apple.product-type.application";
		};
		2F7EF774201A9A8E00D0C861 /* WorldTrotterTests */ = {
			isa = PBXNativeTarget;
			buildConfigurationList = 2F7EF78C201A9A8E00D0C861 /* Build configuration list for PBXNativeTarget "WorldTrotterTests" */;
			buildPhases = (
				2F7EF771201A9A8E00D0C861 /* Sources */,
				2F7EF772201A9A8E00D0C861 /* Frameworks */,
				2F7EF773201A9A8E00D0C861 /* Resources */,
			);
			buildRules = (
			);
			dependencies = (
				2F7EF777201A9A8E00D0C861 /* PBXTargetDependency */,
			);
			name = WorldTrotterTests;
			productName = WorldTrotterTests;
			productReference = 2F7EF775201A9A8E00D0C861 /* WorldTrotterTests.xctest */;
			productType = "com.apple.product-type.bundle.unit-test";
		};
		2F7EF77F201A9A8E00D0C861 /* WorldTrotterUITests */ = {
			isa = PBXNativeTarget;
			buildConfigurationList = 2F7EF78F201A9A8E00D0C861 /* Build configuration list for PBXNativeTarget "WorldTrotterUITests" */;
			buildPhases = (
				2F7EF77C201A9A8E00D0C861 /* Sources */,
				2F7EF77D201A9A8E00D0C861 /* Frameworks */,
				2F7EF77E201A9A8E00D0C861 /* Resources */,
			);
			buildRules = (
			);
			dependencies = (
				2F7EF782201A9A8E00D0C861 /* PBXTargetDependency */,
			);
			name = WorldTrotterUITests;
			productName = WorldTrotterUITests;
			productReference = 2F7EF780201A9A8E00D0C861 /* WorldTrotterUITests.xctest */;
			productType = "com.apple.product-type.bundle.ui-testing";
		};
/* End PBXNativeTarget section */

/* Begin PBXProject section */
		2F7EF759201A9A8D00D0C861 /* Project object */ = {
			isa = PBXProject;
			attributes = {
				LastSwiftUpdateCheck = 0920;
				LastUpgradeCheck = 0930;
				ORGANIZATIONNAME = "Tyler Helwig";
				TargetAttributes = {
					2F7EF760201A9A8D00D0C861 = {
						CreatedOnToolsVersion = 9.2;
						ProvisioningStyle = Automatic;
					};
					2F7EF774201A9A8E00D0C861 = {
						CreatedOnToolsVersion = 9.2;
						ProvisioningStyle = Automatic;
						TestTargetID = 2F7EF760201A9A8D00D0C861;
					};
					2F7EF77F201A9A8E00D0C861 = {
						CreatedOnToolsVersion = 9.2;
						ProvisioningStyle = Automatic;
						TestTargetID = 2F7EF760201A9A8D00D0C861;
					};
				};
			};
			buildConfigurationList = 2F7EF75C201A9A8D00D0C861 /* Build configuration list for PBXProject "WorldTrotter" */;
			compatibilityVersion = "Xcode 8.0";
			developmentRegion = en;
			hasScannedForEncodings = 0;
			knownRegions = (
				en,
				Base,
			);
			mainGroup = 2F7EF758201A9A8D00D0C861;
			productRefGroup = 2F7EF762201A9A8D00D0C861 /* Products */;
			projectDirPath = "";
			projectRoot = "";
			targets = (
				2F7EF760201A9A8D00D0C861 /* WorldTrotter */,
				2F7EF774201A9A8E00D0C861 /* WorldTrotterTests */,
				2F7EF77F201A9A8E00D0C861 /* WorldTrotterUITests */,
			);
		};
/* End PBXProject section */

/* Begin PBXResourcesBuildPhase section */
		2F7EF75F201A9A8D00D0C861 /* Resources */ = {
			isa = PBXResourcesBuildPhase;
			buildActionMask = 2147483647;
			files = (
				2F7EF76F201A9A8D00D0C861 /* LaunchScreen.storyboard in Resources */,
				2F7EF76C201A9A8D00D0C861 /* Assets.xcassets in Resources */,
				2F7EF76A201A9A8D00D0C861 /* Main.storyboard in Resources */,
			);
			runOnlyForDeploymentPostprocessing = 0;
		};
		2F7EF773201A9A8E00D0C861 /* Resources */ = {
			isa = PBXResourcesBuildPhase;
			buildActionMask = 2147483647;
			files = (
			);
			runOnlyForDeploymentPostprocessing = 0;
		};
		2F7EF77E201A9A8E00D0C861 /* Resources */ = {
			isa = PBXResourcesBuildPhase;
			buildActionMask = 2147483647;
			files = (
			);
			runOnlyForDeploymentPostprocessing = 0;
		};
/* End PBXResourcesBuildPhase section */

/* Begin PBXSourcesBuildPhase section */
		2F7EF75D201A9A8D00D0C861 /* Sources */ = {
			isa = PBXSourcesBuildPhase;
			buildActionMask = 2147483647;
			files = (
				2F0901E0207A91CE0031462C /* ConversionViewController.swift in Sources */,
				2F7EF765201A9A8D00D0C861 /* AppDelegate.swift in Sources */,
			);
			runOnlyForDeploymentPostprocessing = 0;
		};
		2F7EF771201A9A8E00D0C861 /* Sources */ = {
			isa = PBXSourcesBuildPhase;
			buildActionMask = 2147483647;
			files = (
				2F7EF77A201A9A8E00D0C861 /* WorldTrotterTests.swift in Sources */,
			);
			runOnlyForDeploymentPostprocessing = 0;
		};
		2F7EF77C201A9A8E00D0C861 /* Sources */ = {
			isa = PBXSourcesBuildPhase;
			buildActionMask = 2147483647;
			files = (
				2F7EF785201A9A8E00D0C861 /* WorldTrotterUITests.swift in Sources */,
			);
			runOnlyForDeploymentPostprocessing = 0;
		};
/* End PBXSourcesBuildPhase section */

/* Begin PBXTargetDependency section */
		2F7EF777201A9A8E00D0C861 /* PBXTargetDependency */ = {
			isa = PBXTargetDependency;
			target = 2F7EF760201A9A8D00D0C861 /* WorldTrotter */;
			targetProxy = 2F7EF776201A9A8E00D0C861 /* PBXContainerItemProxy */;
		};
		2F7EF782201A9A8E00D0C861 /* PBXTargetDependency */ = {
			isa = PBXTargetDependency;
			target = 2F7EF760201A9A8D00D0C861 /* WorldTrotter */;
			targetProxy = 2F7EF781201A9A8E00D0C861 /* PBXContainerItemProxy */;
		};
/* End PBXTargetDependency section */

/* Begin PBXVariantGroup section */
		2F7EF768201A9A8D00D0C861 /* Main.storyboard */ = {
			isa = PBXVariantGroup;
			children = (
				2F7EF769201A9A8D00D0C861 /* Base */,
			);
			name = Main.storyboard;
			sourceTree = "<group>";
		};
		2F7EF76D201A9A8D00D0C861 /* LaunchScreen.storyboard */ = {
			isa = PBXVariantGroup;
			children = (
				2F7EF76E201A9A8D00D0C861 /* Base */,
			);
			name = LaunchScreen.storyboard;
			sourceTree = "<group>";
		};
/* End PBXVariantGroup section */

/* Begin XCBuildConfiguration section */
		2F7EF787201A9A8E00D0C861 /* Debug */ = {
			isa = XCBuildConfiguration;
			buildSettings = {
				ALWAYS_SEARCH_USER_PATHS = NO;
				CLANG_ANALYZER_NONNULL = YES;
				CLANG_ANALYZER_NUMBER_OBJECT_CONVERSION = YES_AGGRESSIVE;
				CLANG_CXX_LANGUAGE_STANDARD = "gnu++14";
				CLANG_CXX_LIBRARY = "libc++";
				CLANG_ENABLE_MODULES = YES;
				CLANG_ENABLE_OBJC_ARC = YES;
				CLANG_WARN_BLOCK_CAPTURE_AUTORELEASING = YES;
				CLANG_WARN_BOOL_CONVERSION = YES;
				CLANG_WARN_COMMA = YES;
				CLANG_WARN_CONSTANT_CONVERSION = YES;
				CLANG_WARN_DEPRECATED_OBJC_IMPLEMENTATIONS = YES;
				CLANG_WARN_DIRECT_OBJC_ISA_USAGE = YES_ERROR;
				CLANG_WARN_DOCUMENTATION_COMMENTS = YES;
				CLANG_WARN_EMPTY_BODY = YES;
				CLANG_WARN_ENUM_CONVERSION = YES;
				CLANG_WARN_INFINITE_RECURSION = YES;
				CLANG_WARN_INT_CONVERSION = YES;
				CLANG_WARN_NON_LITERAL_NULL_CONVERSION = YES;
				CLANG_WARN_OBJC_IMPLICIT_RETAIN_SELF = YES;
				CLANG_WARN_OBJC_LITERAL_CONVERSION = YES;
				CLANG_WARN_OBJC_ROOT_CLASS = YES_ERROR;
				CLANG_WARN_RANGE_LOOP_ANALYSIS = YES;
				CLANG_WARN_STRICT_PROTOTYPES = YES;
				CLANG_WARN_SUSPICIOUS_MOVE = YES;
				CLANG_WARN_UNGUARDED_AVAILABILITY = YES_AGGRESSIVE;
				CLANG_WARN_UNREACHABLE_CODE = YES;
				CLANG_WARN__DUPLICATE_METHOD_MATCH = YES;
				CODE_SIGN_IDENTITY = "iPhone Developer";
				COPY_PHASE_STRIP = NO;
				DEBUG_INFORMATION_FORMAT = dwarf;
				ENABLE_STRICT_OBJC_MSGSEND = YES;
				ENABLE_TESTABILITY = YES;
				GCC_C_LANGUAGE_STANDARD = gnu11;
				GCC_DYNAMIC_NO_PIC = NO;
				GCC_NO_COMMON_BLOCKS = YES;
				GCC_OPTIMIZATION_LEVEL = 0;
				GCC_PREPROCESSOR_DEFINITIONS = (
					"DEBUG=1",
					"$(inherited)",
				);
				GCC_WARN_64_TO_32_BIT_CONVERSION = YES;
				GCC_WARN_ABOUT_RETURN_TYPE = YES_ERROR;
				GCC_WARN_UNDECLARED_SELECTOR = YES;
				GCC_WARN_UNINITIALIZED_AUTOS = YES_AGGRESSIVE;
				GCC_WARN_UNUSED_FUNCTION = YES;
				GCC_WARN_UNUSED_VARIABLE = YES;
				IPHONEOS_DEPLOYMENT_TARGET = 11.2;
				MTL_ENABLE_DEBUG_INFO = YES;
				ONLY_ACTIVE_ARCH = YES;
				SDKROOT = iphoneos;
				SWIFT_ACTIVE_COMPILATION_CONDITIONS = DEBUG;
				SWIFT_OPTIMIZATION_LEVEL = "-Onone";
			};
			name = Debug;
		};
		2F7EF788201A9A8E00D0C861 /* Release */ = {
			isa = XCBuildConfiguration;
			buildSettings = {
				ALWAYS_SEARCH_USER_PATHS = NO;
				CLANG_ANALYZER_NONNULL = YES;
				CLANG_ANALYZER_NUMBER_OBJECT_CONVERSION = YES_AGGRESSIVE;
				CLANG_CXX_LANGUAGE_STANDARD = "gnu++14";
				CLANG_CXX_LIBRARY = "libc++";
				CLANG_ENABLE_MODULES = YES;
				CLANG_ENABLE_OBJC_ARC = YES;
				CLANG_WARN_BLOCK_CAPTURE_AUTORELEASING = YES;
				CLANG_WARN_BOOL_CONVERSION = YES;
				CLANG_WARN_COMMA = YES;
				CLANG_WARN_CONSTANT_CONVERSION = YES;
				CLANG_WARN_DEPRECATED_OBJC_IMPLEMENTATIONS = YES;
				CLANG_WARN_DIRECT_OBJC_ISA_USAGE = YES_ERROR;
				CLANG_WARN_DOCUMENTATION_COMMENTS = YES;
				CLANG_WARN_EMPTY_BODY = YES;
				CLANG_WARN_ENUM_CONVERSION = YES;
				CLANG_WARN_INFINITE_RECURSION = YES;
				CLANG_WARN_INT_CONVERSION = YES;
				CLANG_WARN_NON_LITERAL_NULL_CONVERSION = YES;
				CLANG_WARN_OBJC_IMPLICIT_RETAIN_SELF = YES;
				CLANG_WARN_OBJC_LITERAL_CONVERSION = YES;
				CLANG_WARN_OBJC_ROOT_CLASS = YES_ERROR;
				CLANG_WARN_RANGE_LOOP_ANALYSIS = YES;
				CLANG_WARN_STRICT_PROTOTYPES = YES;
				CLANG_WARN_SUSPICIOUS_MOVE = YES;
				CLANG_WARN_UNGUARDED_AVAILABILITY = YES_AGGRESSIVE;
				CLANG_WARN_UNREACHABLE_CODE = YES;
				CLANG_WARN__DUPLICATE_METHOD_MATCH = YES;
				CODE_SIGN_IDENTITY = "iPhone Developer";
				COPY_PHASE_STRIP = NO;
				DEBUG_INFORMATION_FORMAT = "dwarf-with-dsym";
				ENABLE_NS_ASSERTIONS = NO;
				ENABLE_STRICT_OBJC_MSGSEND = YES;
				GCC_C_LANGUAGE_STANDARD = gnu11;
				GCC_NO_COMMON_BLOCKS = YES;
				GCC_WARN_64_TO_32_BIT_CONVERSION = YES;
				GCC_WARN_ABOUT_RETURN_TYPE = YES_ERROR;
				GCC_WARN_UNDECLARED_SELECTOR = YES;
				GCC_WARN_UNINITIALIZED_AUTOS = YES_AGGRESSIVE;
				GCC_WARN_UNUSED_FUNCTION = YES;
				GCC_WARN_UNUSED_VARIABLE = YES;
				IPHONEOS_DEPLOYMENT_TARGET = 11.2;
				MTL_ENABLE_DEBUG_INFO = NO;
				SDKROOT = iphoneos;
				SWIFT_OPTIMIZATION_LEVEL = "-Owholemodule";
				VALIDATE_PRODUCT = YES;
			};
			name = Release;
		};
		2F7EF78A201A9A8E00D0C861 /* Debug */ = {
			isa = XCBuildConfiguration;
			buildSettings = {
				ASSETCATALOG_COMPILER_APPICON_NAME = AppIcon;
				CODE_SIGN_STYLE = Automatic;
				INFOPLIST_FILE = WorldTrotter/Info.plist;
				LD_RUNPATH_SEARCH_PATHS = "$(inherited) @executable_path/Frameworks";
				PRODUCT_BUNDLE_IDENTIFIER = com.helwigdev.WorldTrotter;
				PRODUCT_NAME = "$(TARGET_NAME)";
				SWIFT_VERSION = 4.0;
				TARGETED_DEVICE_FAMILY = "1,2";
			};
			name = Debug;
		};
		2F7EF78B201A9A8E00D0C861 /* Release */ = {
			isa = XCBuildConfiguration;
			buildSettings = {
				ASSETCATALOG_COMPILER_APPICON_NAME = AppIcon;
				CODE_SIGN_STYLE = Automatic;
				INFOPLIST_FILE = WorldTrotter/Info.plist;
				LD_RUNPATH_SEARCH_PATHS = "$(inherited) @executable_path/Frameworks";
				PRODUCT_BUNDLE_IDENTIFIER = com.helwigdev.WorldTrotter;
				PRODUCT_NAME = "$(TARGET_NAME)";
				SWIFT_VERSION = 4.0;
				TARGETED_DEVICE_FAMILY = "1,2";
			};
			name = Release;
		};
		2F7EF78D201A9A8E00D0C861 /* Debug */ = {
			isa = XCBuildConfiguration;
			buildSettings = {
				ALWAYS_EMBED_SWIFT_STANDARD_LIBRARIES = YES;
				BUNDLE_LOADER = "$(TEST_HOST)";
				CODE_SIGN_STYLE = Automatic;
				INFOPLIST_FILE = WorldTrotterTests/Info.plist;
				LD_RUNPATH_SEARCH_PATHS = "$(inherited) @executable_path/Frameworks @loader_path/Frameworks";
				PRODUCT_BUNDLE_IDENTIFIER = com.helwigdev.WorldTrotterTests;
				PRODUCT_NAME = "$(TARGET_NAME)";
				SWIFT_VERSION = 4.0;
				TARGETED_DEVICE_FAMILY = "1,2";
				TEST_HOST = "$(BUILT_PRODUCTS_DIR)/WorldTrotter.app/WorldTrotter";
			};
			name = Debug;
		};
		2F7EF78E201A9A8E00D0C861 /* Release */ = {
			isa = XCBuildConfiguration;
			buildSettings = {
				ALWAYS_EMBED_SWIFT_STANDARD_LIBRARIES = YES;
				BUNDLE_LOADER = "$(TEST_HOST)";
				CODE_SIGN_STYLE = Automatic;
				INFOPLIST_FILE = WorldTrotterTests/Info.plist;
				LD_RUNPATH_SEARCH_PATHS = "$(inherited) @executable_path/Frameworks @loader_path/Frameworks";
				PRODUCT_BUNDLE_IDENTIFIER = com.helwigdev.WorldTrotterTests;
				PRODUCT_NAME = "$(TARGET_NAME)";
				SWIFT_VERSION = 4.0;
				TARGETED_DEVICE_FAMILY = "1,2";
				TEST_HOST = "$(BUILT_PRODUCTS_DIR)/WorldTrotter.app/WorldTrotter";
			};
			name = Release;
		};
		2F7EF790201A9A8E00D0C861 /* Debug */ = {
			isa = XCBuildConfiguration;
			buildSettings = {
				ALWAYS_EMBED_SWIFT_STANDARD_LIBRARIES = YES;
				CODE_SIGN_STYLE = Automatic;
				INFOPLIST_FILE = WorldTrotterUITests/Info.plist;
				LD_RUNPATH_SEARCH_PATHS = "$(inherited) @executable_path/Frameworks @loader_path/Frameworks";
				PRODUCT_BUNDLE_IDENTIFIER = com.helwigdev.WorldTrotterUITests;
				PRODUCT_NAME = "$(TARGET_NAME)";
				SWIFT_VERSION = 4.0;
				TARGETED_DEVICE_FAMILY = "1,2";
				TEST_TARGET_NAME = WorldTrotter;
			};
			name = Debug;
		};
		2F7EF791201A9A8E00D0C861 /* Release */ = {
			isa = XCBuildConfiguration;
			buildSettings = {
				ALWAYS_EMBED_SWIFT_STANDARD_LIBRARIES = YES;
				CODE_SIGN_STYLE = Automatic;
				INFOPLIST_FILE = WorldTrotterUITests/Info.plist;
				LD_RUNPATH_SEARCH_PATHS = "$(inherited) @executable_path/Frameworks @loader_path/Frameworks";
				PRODUCT_BUNDLE_IDENTIFIER = com.helwigdev.WorldTrotterUITests;
				PRODUCT_NAME = "$(TARGET_NAME)";
				SWIFT_VERSION = 4.0;
				TARGETED_DEVICE_FAMILY = "1,2";
				TEST_TARGET_NAME = WorldTrotter;
			};
			name = Release;
		};
/* End XCBuildConfiguration section */

/* Begin XCConfigurationList section */
		2F7EF75C201A9A8D00D0C861 /* Build configuration list for PBXProject "WorldTrotter" */ = {
			isa = XCConfigurationList;
			buildConfigurations = (
				2F7EF787201A9A8E00D0C861 /* Debug */,
				2F7EF788201A9A8E00D0C861 /* Release */,
			);
			defaultConfigurationIsVisible = 0;
			defaultConfigurationName = Release;
		};
		2F7EF789201A9A8E00D0C861 /* Build configuration list for PBXNativeTarget "WorldTrotter" */ = {
			isa = XCConfigurationList;
			buildConfigurations = (
				2F7EF78A201A9A8E00D0C861 /* Debug */,
				2F7EF78B201A9A8E00D0C861 /* Release */,
			);
			defaultConfigurationIsVisible = 0;
			defaultConfigurationName = Release;
		};
		2F7EF78C201A9A8E00D0C861 /* Build configuration list for PBXNativeTarget "WorldTrotterTests" */ = {
			isa = XCConfigurationList;
			buildConfigurations = (
				2F7EF78D201A9A8E00D0C861 /* Debug */,
				2F7EF78E201A9A8E00D0C861 /* Release */,
			);
			defaultConfigurationIsVisible = 0;
			defaultConfigurationName = Release;
		};
		2F7EF78F201A9A8E00D0C861 /* Build configuration list for PBXNativeTarget "WorldTrotterUITests" */ = {
			isa = XCConfigurationList;
			buildConfigurations = (
				2F7EF790201A9A8E00D0C861 /* Debug */,
				2F7EF791201A9A8E00D0C861 /* Release */,
			);
			defaultConfigurationIsVisible = 0;
			defaultConfigurationName = Release;
		};
/* End XCConfigurationList section */
	};
	rootObject = 2F7EF759201A9A8D00D0C861 /* Project object */;
}
